
Microsoft Visual Studio Solution File, Format Version 12.00
# Visual Studio Version 16
VisualStudioVersion = 16.0.30517.126
MinimumVisualStudioVersion = 10.0.40219.1
Project("{FAE04EC0-301F-11D3-BF4B-00C04F79EFBC}") = "AccionNotification", "AccionNotification\AccionNotification.csproj", "{DDFB3547-0493-4F23-A41A-FAE86919B119}"
EndProject
Global
	GlobalSection(SolutionConfigurationPlatforms) = preSolution
		Debug|Any CPU = Debug|Any CPU
		Release|Any CPU = Release|Any CPU
	EndGlobalSection
	GlobalSection(ProjectConfigurationPlatforms) = postSolution
		{DDFB3547-0493-4F23-A41A-FAE86919B119}.Debug|Any CPU.ActiveCfg = Debug|Any CPU
		{DDFB3547-0493-4F23-A41A-FAE86919B119}.Debug|Any CPU.Build.0 = Debug|Any CPU
		{DDFB3547-0493-4F23-A41A-FAE86919B119}.Release|Any CPU.ActiveCfg = Release|Any CPU
		{DDFB3547-0493-4F23-A41A-FAE86919B119}.Release|Any CPU.Build.0 = Release|Any CPU
	EndGlobalSection
	GlobalSection(SolutionProperties) = preSolution
		HideSolutionNode = FALSE
	EndGlobalSection
	GlobalSection(ExtensibilityGlobals) = postSolution
		SolutionGuid = {A0F8A364-0BA6-4918-B086-A33E935F5FD1}
	EndGlobalSection
EndGlobal
